version = 1
revision = 3
requires-python = ">=3.11"

[[package]]
name = "anyio"
version = "4.12.0"
source = { registry = "https://mirrors.cloud.tencent.com/pypi/simple/" }
dependencies = [
    { name = "idna" },
    { name = "typing-extensions", marker = "python_full_version < '3.13'" },
]
sdist = { url = "https://mirrors.cloud.tencent.com/pypi/packages/16/ce/8a777047513153587e5434fd752e89334ac33e379aa3497db860eeb60377/anyio-4.12.0.tar.gz", hash = "sha256:73c693b567b0c55130c104d0b43a9baf3aa6a31fc6110116509f27bf75e21ec0" }
wheels = [
    { url = "https://mirrors.cloud.tencent.com/pypi/packages/7f/9c/36c5c37947ebfb8c7f22e0eb6e4d188ee2d53aa3880f3f2744fb894f0cb1/anyio-4.12.0-py3-none-any.whl", hash = "sha256:dad2376a628f98eeca4881fc56cd06affd18f659b17a747d3ff0307ced94b1bb" },
]

[[package]]
name = "certifi"
version = "2025.11.12"
source = { registry = "https://mirrors.cloud.tencent.com/pypi/simple/" }
sdist = { url = "https://mirrors.cloud.tencent.com/pypi/packages/a2/8c/58f469717fa48465e4a50c014a0400602d3c437d7c0c468e17ada824da3a/certifi-2025.11.12.tar.gz", hash = "sha256:d8ab5478f2ecd78af242878415affce761ca6bc54a22a27e026d7c25357c3316" }
wheels = [
    { url = "https://mirrors.cloud.tencent.com/pypi/packages/70/7d/9bc192684cea499815ff478dfcdc13835ddf401365057044fb721ec6bddb/certifi-2025.11.12-py3-none-any.whl", hash = "sha256:97de8790030bbd5c2d96b7ec782fc2f7820ef8dba6db909ccf95449f2d062d4b" },
]

[[package]]
name = "coverage"
version = "7.13.0"
source = { registry = "https://mirrors.cloud.tencent.com/pypi/simple/" }
sdist = { url = "https://mirrors.cloud.tencent.com/pypi/packages/b6/45/2c665ca77ec32ad67e25c77daf1cee28ee4558f3bc571cdbaf88a00b9f23/coverage-7.13.0.tar.gz", hash = "sha256:a394aa27f2d7ff9bc04cf703817773a59ad6dfbd577032e690f961d2460ee936" }
wheels = [
    { url = "https://mirrors.cloud.tencent.com/pypi/packages/f1/dc/888bf90d8b1c3d0b4020a40e52b9f80957d75785931ec66c7dfaccc11c7d/coverage-7.13.0-cp311-cp311-macosx_10_9_x86_64.whl", hash = "sha256:0dfa3855031070058add1a59fdfda0192fd3e8f97e7c81de0596c145dea51820" },
    { url = "https://mirrors.cloud.tencent.com/pypi/packages/8d/ea/069d51372ad9c380214e86717e40d1a743713a2af191cfba30a0911b0a4a/coverage-7.13.0-cp311-cp311-macosx_11_0_arm64.whl", hash = "sha256:4fdb6f54f38e334db97f72fa0c701e66d8479af0bc3f9bfb5b90f1c30f54500f" },
    { url = "https://mirrors.cloud.tencent.com/pypi/packages/68/09/77b1c3a66c2aa91141b6c4471af98e5b1ed9b9e6d17255da5eb7992299e3/coverage-7.13.0-cp311-cp311-manylinux1_i686.manylinux_2_28_i686.manylinux_2_5_i686.whl", hash = "sha256:7e442c013447d1d8d195be62852270b78b6e255b79b8675bad8479641e21fd96" },
    { url = "https://mirrors.cloud.tencent.com/pypi/packages/0a/32/2e2f96e9d5691eaf1181d9040f850b8b7ce165ea10810fd8e2afa534cef7/coverage-7.13.0-cp311-cp311-manylinux1_x86_64.manylinux_2_28_x86_64.manylinux_2_5_x86_64.whl", hash = "sha256:1ed5630d946859de835a85e9a43b721123a8a44ec26e2830b296d478c7fd4259" },
    { url = "https://mirrors.cloud.tencent.com/pypi/packages/7b/45/b88ddac1d7978859b9a39a8a50ab323186148f1d64bc068f86fc77706321/coverage-7.13.0-cp311-cp311-manylinux2014_aarch64.manylinux_2_17_aarch64.manylinux_2_28_aarch64.whl", hash = "sha256:7f15a931a668e58087bc39d05d2b4bf4b14ff2875b49c994bbdb1c2217a8daeb" },
    { url = "https://mirrors.cloud.tencent.com/pypi/packages/71/cb/e15513f94c69d4820a34b6bf3d2b1f9f8755fa6021be97c7065442d7d653/coverage-7.13.0-cp311-cp311-manylinux_2_31_riscv64.manylinux_2_39_riscv64.whl", hash = "sha256:30a3a201a127ea57f7e14ba43c93c9c4be8b7d17a26e03bb49e6966d019eede9" },
    { url = "https://mirrors.cloud.tencent.com/pypi/packages/09/61/d960ff7dc9e902af3310ce632a875aaa7860f36d2bc8fc8b37ee7c1b82a5/coverage-7.13.0-cp311-cp311-musllinux_1_2_aarch64.whl", hash = "sha256:7a485ff48fbd231efa32d58f479befce52dcb6bfb2a88bb7bf9a0b89b1bc8030" },
    { url = "https://mirrors.cloud.tencent.com/pypi/packages/98/34/c7c72821794afc7c7c2da1db8f00c2c98353078aa7fb6b5ff36aac834b52/coverage-7.13.0-cp311-cp311-musllinux_1_2_i686.whl", hash = "sha256:22486cdafba4f9e471c816a2a5745337742a617fef68e890d8baf9f3036d7833" },
    { url = "https://mirrors.cloud.tencent.com/pypi/packages/0a/5b/e0f07107987a43b2def9aa041c614ddb38064cbf294a71ef8c67d43a0cdd/coverage-7.13.0-cp311-cp311-musllinux_1_2_riscv64.whl", hash = "sha256:263c3dbccc78e2e331e59e90115941b5f53e85cfcc6b3b2fbff1fd4e3d2c6ea8" },
    { url = "https://mirrors.cloud.tencent.com/pypi/packages/71/c2/c949c5d3b5e9fc6dd79e1b73cdb86a59ef14f3709b1d72bf7668ae12e000/coverage-7.13.0-cp311-cp311-musllinux_1_2_x86_64.whl", hash = "sha256:e5330fa0cc1f5c3c4c3bb8e101b742025933e7848989370a1d4c8c5e401ea753" },
    { url = "https://mirrors.cloud.tencent.com/pypi/packages/11/f1/bbc009abd6537cec0dffb2cc08c17a7f03de74c970e6302db4342a6e05af/coverage-7.13.0-cp311-cp311-win32.whl", hash = "sha256:0f4872f5d6c54419c94c25dd6ae1d015deeb337d06e448cd890a1e89a8ee7f3b" },
    { url = "https://mirrors.cloud.tencent.com/pypi/packages/c4/f6/d9977f2fb51c10fbaed0718ce3d0a8541185290b981f73b1d27276c12d91/coverage-7.13.0-cp311-cp311-win_amd64.whl", hash = "sha256:51a202e0f80f241ccb68e3e26e19ab5b3bf0f813314f2c967642f13ebcf1ddfe" },
    { url = "https://mirrors.cloud.tencent.com/pypi/packages/be/ad/3fcf43fd96fb43e337a3073dea63ff148dcc5c41ba7a14d4c7d34efb2216/coverage-7.13.0-cp311-cp311-win_arm64.whl", hash = "sha256:d2a9d7f1c11487b1c69367ab3ac2d81b9b3721f097aa409a3191c3e90f8f3dd7" },
    { url = "https://mirrors.cloud.tencent.com/pypi/packages/9b/f1/2619559f17f31ba00fc40908efd1fbf1d0a5536eb75dc8341e7d660a08de/coverage-7.13.0-cp312-cp312-macosx_10_13_x86_64.whl", hash = "sha256:0b3d67d31383c4c68e19a88e28fc4c2e29517580f1b0ebec4a069d502ce1e0bf" },
    { url = "https://mirrors.cloud.tencent.com/pypi/packages/2b/11/30d71ae5d6e949ff93b2a79a2c1b4822e00423116c5c6edfaeef37301396/coverage-7.13.0-cp312-cp312-macosx_11_0_arm64.whl", hash = "sha256:581f086833d24a22c89ae0fe2142cfaa1c92c930adf637ddf122d55083fb5a0f" },
    { url = "https://mirrors.cloud.tencent.com/pypi/packages/79/c2/fce80fc6ded8d77e53207489d6065d0fed75db8951457f9213776615e0f5/coverage-7.13.0-cp312-cp312-manylinux1_i686.manylinux_2_28_i686.manylinux_2_5_i686.whl", hash = "sha256:0a3a30f0e257df382f5f9534d4ce3d4cf06eafaf5192beb1a7bd066cb10e78fb" },
    { url = "https://mirrors.cloud.tencent.com/pypi/packages/5b/b6/51b5d1eb6fcbb9a1d5d6984e26cbe09018475c2922d554fd724dd0f056ee/coverage-7.13.0-cp312-cp312-manylinux1_x86_64.manylinux_2_28_x86_64.manylinux_2_5_x86_64.whl", hash = "sha256:583221913fbc8f53b88c42e8dbb8fca1d0f2e597cb190ce45916662b8b9d9621" },
    { url = "https://mirrors.cloud.tencent.com/pypi/packages/0d/f8/972a5affea41de798691ab15d023d3530f9f56a72e12e243f35031846ff7/coverage-7.13.0-cp312-cp312-manylinux2014_aarch64.manylinux_2_17_aarch64.manylinux_2_28_aarch64.whl", hash = "sha256:5f5d9bd30756fff3e7216491a0d6d520c448d5124d3d8e8f56446d6412499e74" },
    { url = "https://mirrors.cloud.tencent.com/pypi/packages/8a/56/116513aee860b2c7968aa3506b0f59b22a959261d1dbf3aea7b4450a7520/coverage-7.13.0-cp312-cp312-manylinux_2_31_riscv64.manylinux_2_39_riscv64.whl", hash = "sha256:a23e5a1f8b982d56fa64f8e442e037f6ce29322f1f9e6c2344cd9e9f4407ee57" },
    { url = "https://mirrors.cloud.tencent.com/pypi/packages/d6/75/074476d64248fbadf16dfafbf93fdcede389ec821f74ca858d7c87d2a98c/coverage-7.13.0-cp312-cp312-musllinux_1_2_aarch64.whl", hash = "sha256:9b01c22bc74a7fb44066aaf765224c0d933ddf1f5047d6cdfe4795504a4493f8" },
    { url = "https://mirrors.cloud.tencent.com/pypi/packages/f2/d2/aa4f8acd1f7c06024705c12609d8698c51b27e4d635d717cd1934c9668e2/coverage-7.13.0-cp312-cp312-musllinux_1_2_i686.whl", hash = "sha256:898cce66d0836973f48dda4e3514d863d70142bdf6dfab932b9b6a90ea5b222d" },
    { url = "https://mirrors.cloud.tencent.com/pypi/packages/19/98/8df9e1af6a493b03694a1e8070e024e7d2cdc77adedc225a35e616d505de/coverage-7.13.0-cp312-cp312-musllinux_1_2_riscv64.whl", hash = "sha256:3ab483ea0e251b5790c2aac03acde31bff0c736bf8a86829b89382b407cd1c3b" },
    { url = "https://mirrors.cloud.tencent.com/pypi/packages/d8/71/f8679231f3353018ca66ef647fa6fe7b77e6bff7845be54ab84f86233363/coverage-7.13.0-cp312-cp312-musllinux_1_2_x86_64.whl", hash = "sha256:1d84e91521c5e4cb6602fe11ece3e1de03b2760e14ae4fcf1a4b56fa3c801fcd" },
    { url = "https://mirrors.cloud.tencent.com/pypi/packages/04/86/9cb406388034eaf3c606c22094edbbb82eea1fa9d20c0e9efadff20d0733/coverage-7.13.0-cp312-cp312-win32.whl", hash = "sha256:193c3887285eec1dbdb3f2bd7fbc351d570ca9c02ca756c3afbc71b3c98af6ef" },
    { url = "https://mirrors.cloud.tencent.com/pypi/packages/1c/59/af483673df6455795daf5f447c2f81a3d2fcfc893a22b8ace983791f6f34/coverage-7.13.0-cp312-cp312-win_amd64.whl", hash = "sha256:4f3e223b2b2db5e0db0c2b97286aba0036ca000f06aca9b12112eaa9af3d92ae" },
    { url = "https://mirrors.cloud.tencent.com/pypi/packages/64/b0/959d582572b30a6830398c60dd419c1965ca4b5fb38ac6b7093a0d50ca8d/coverage-7.13.0-cp312-cp312-win_arm64.whl", hash = "sha256:086cede306d96202e15a4b77ace8472e39d9f4e5f9fd92dd4fecdfb2313b2080" },
    { url = "https://mirrors.cloud.tencent.com/pypi/packages/7c/cc/bce226595eb3bf7d13ccffe154c3c487a22222d87ff018525ab4dd2e9542/coverage-7.13.0-cp313-cp313-macosx_10_13_x86_64.whl", hash = "sha256:28ee1c96109974af104028a8ef57cec21447d42d0e937c0275329272e370ebcf" },
    { url = "https://mirrors.cloud.tencent.com/pypi/packages/3b/9f/73c4d34600aae03447dff3d7ad1d0ac649856bfb87d1ca7d681cfc913f9e/coverage-7.13.0-cp313-cp313-macosx_11_0_arm64.whl", hash = "sha256:d1e97353dcc5587b85986cda4ff3ec98081d7e84dd95e8b2a6d59820f0545f8a" },
    { url = "https://mirrors.cloud.tencent.com/pypi/packages/63/ab/8fa097db361a1e8586535ae5073559e6229596b3489ec3ef2f5b38df8cb2/coverage-7.13.0-cp313-cp313-manylinux1_i686.manylinux_2_28_i686.manylinux_2_5_i686.whl", hash = "sha256:99acd4dfdfeb58e1937629eb1ab6ab0899b131f183ee5f23e0b5da5cba2fec74" },
    { url = "https://mirrors.cloud.tencent.com/pypi/packages/90/3a/9bfd4de2ff191feb37ef9465855ca56a6f2f30a3bca172e474130731ac3d/coverage-7.13.0-cp313-cp313-manylinux1_x86_64.manylinux_2_28_x86_64.manylinux_2_5_x86_64.whl", hash = "sha256:ff45e0cd8451e293b63ced93161e189780baf444119391b3e7d25315060368a6" },
    { url = "https://mirrors.cloud.tencent.com/pypi/packages/df/61/b5d8105f016e1b5874af0d7c67542da780ccd4a5f2244a433d3e20ceb1ad/coverage-7.13.0-cp313-cp313-manylinux2014_aarch64.manylinux_2_17_aarch64.manylinux_2_28_aarch64.whl", hash = "sha256:f4f72a85316d8e13234cafe0a9f81b40418ad7a082792fa4165bd7d45d96066b" },
    { url = "https://mirrors.cloud.tencent.com/pypi/packages/f3/b8/0fad449981803cc47a4694768b99823fb23632150743f9c83af329bb6090/coverage-7.13.0-cp313-cp313-manylinux_2_31_riscv64.manylinux_2_39_riscv64.whl", hash = "sha256:11c21557d0e0a5a38632cbbaca5f008723b26a89d70db6315523df6df77d6232" },
    { url = "https://mirrors.cloud.tencent.com/pypi/packages/9a/e9/8d68337c3125014d918cf4327d5257553a710a2995a6a6de2ac77e5aa429/coverage-7.13.0-cp313-cp313-musllinux_1_2_aarch64.whl", hash = "sha256:76541dc8d53715fb4f7a3a06b34b0dc6846e3c69bc6204c55653a85dd6220971" },
    { url = "https://mirrors.cloud.tencent.com/pypi/packages/55/14/d4112ab26b3a1bc4b3c1295d8452dcf399ed25be4cf649002fb3e64b2d93/coverage-7.13.0-cp313-cp313-musllinux_1_2_i686.whl", hash = "sha256:6e9e451dee940a86789134b6b0ffbe31c454ade3b849bb8a9d2cca2541a8e91d" },
    { url = "https://mirrors.cloud.tencent.com/pypi/packages/2c/a9/22b0000186db663b0d82f86c2f1028099ae9ac202491685051e2a11a5218/coverage-7.13.0-cp313-cp313-musllinux_1_2_riscv64.whl", hash = "sha256:5c67dace46f361125e6b9cace8fe0b729ed8479f47e70c89b838d319375c8137" },
    { url = "https://mirrors.cloud.tencent.com/pypi/packages/a1/2e/42d8e0d9e7527fba439acdc6ed24a2b97613b1dc85849b1dd935c2cffef0/coverage-7.13.0-cp313-cp313-musllinux_1_2_x86_64.whl", hash = "sha256:f59883c643cb19630500f57016f76cfdcd6845ca8c5b5ea1f6e17f74c8e5f511" },
    { url = "https://mirrors.cloud.tencent.com/pypi/packages/a4/af/8c7af92b1377fd8860536aadd58745119252aaaa71a5213e5a8e8007a9f5/coverage-7.13.0-cp313-cp313-win32.whl", hash = "sha256:58632b187be6f0be500f553be41e277712baa278147ecb7559983c6d9faf7ae1" },
    { url = "https://mirrors.cloud.tencent.com/pypi/packages/58/f9/725e8bf16f343d33cbe076c75dc8370262e194ff10072c0608b8e5cf33a3/coverage-7.13.0-cp313-cp313-win_amd64.whl", hash = "sha256:73419b89f812f498aca53f757dd834919b48ce4799f9d5cad33ca0ae442bdb1a" },
    { url = "https://mirrors.cloud.tencent.com/pypi/packages/8a/ff/e98311000aa6933cc79274e2b6b94a2fe0fe3434fca778eba82003675496/coverage-7.13.0-cp313-cp313-win_arm64.whl", hash = "sha256:eb76670874fdd6091eedcc856128ee48c41a9bbbb9c3f1c7c3cf169290e3ffd6" },
    { url = "https://mirrors.cloud.tencent.com/pypi/packages/cf/cf/bbaa2e1275b300343ea865f7d424cc0a2e2a1df6925a070b2b2d5d765330/coverage-7.13.0-cp313-cp313t-macosx_10_13_x86_64.whl", hash = "sha256:6e63ccc6e0ad8986386461c3c4b737540f20426e7ec932f42e030320896c311a" },
    { url = "https://mirrors.cloud.tencent.com/pypi/packages/21/1d/82f0b3323b3d149d7672e7744c116e9c170f4957e0c42572f0366dbb4477/coverage-7.13.0-cp313-cp313t-macosx_11_0_arm64.whl", hash = "sha256:494f5459ffa1bd45e18558cd98710c36c0b8fbfa82a5eabcbe671d80ecffbfe8" },
    { url = "https://mirrors.cloud.tencent.com/pypi/packages/fb/e3/fe3fd4702a3832a255f4d43013eacb0ef5fc155a5960ea9269d8696db28b/coverage-7.13.0-cp313-cp313t-manylinux1_i686.manylinux_2_28_i686.manylinux_2_5_i686.whl", hash = "sha256:06cac81bf10f74034e055e903f5f946e3e26fc51c09fc9f584e4a1605d977053" },
    { url = "https://mirrors.cloud.tencent.com/pypi/packages/ad/01/63186cb000307f2b4da463f72af9b85d380236965574c78e7e27680a2593/coverage-7.13.0-cp313-cp313t-manylinux1_x86_64.manylinux_2_28_x86_64.manylinux_2_5_x86_64.whl", hash = "sha256:f2ffc92b46ed6e6760f1d47a71e56b5664781bc68986dbd1836b2b70c0ce2071" },
    { url = "https://mirrors.cloud.tencent.com/pypi/packages/7c/a1/c0dacef0cc865f2455d59eed3548573ce47ed603205ffd0735d1d78b5906/coverage-7.13.0-cp313-cp313t-manylinux2014_aarch64.manylinux_2_17_aarch64.manylinux_2_28_aarch64.whl", hash = "sha256:0602f701057c6823e5db1b74530ce85f17c3c5be5c85fc042ac939cbd909426e" },
    { url = "https://mirrors.cloud.tencent.com/pypi/packages/ef/92/82b99223628b61300bd382c205795533bed021505eab6dd86e11fb5d7925/coverage-7.13.0-cp313-cp313t-manylinux_2_31_riscv64.manylinux_2_39_riscv64.whl", hash = "sha256:25dc33618d45456ccb1d37bce44bc78cf269909aa14c4db2e03d63146a8a1493" },
    { url = "https://mirrors.cloud.tencent.com/pypi/packages/cf/2c/89b0291ae4e6cd59ef042708e1c438e2290f8c31959a20055d8768349ee2/coverage-7.13.0-cp313-cp313t-musllinux_1_2_aarch64.whl", hash = "sha256:71936a8b3b977ddd0b694c28c6a34f4fff2e9dd201969a4ff5d5fc7742d614b0" },
    { url = "https://mirrors.cloud.tencent.com/pypi/packages/bf/f9/a5f992efae1996245e796bae34ceb942b05db275e4b34222a9a40b9fbd3b/coverage-7.13.0-cp313-cp313t-musllinux_1_2_i686.whl", hash = "sha256:936bc20503ce24770c71938d1369461f0c5320830800933bc3956e2a4ded930e" },
    { url = "https://mirrors.cloud.tencent.com/pypi/packages/4c/89/a29f5d98c64fedbe32e2ac3c227fbf78edc01cc7572eee17d61024d89889/coverage-7.13.0-cp313-cp313t-musllinux_1_2_riscv64.whl", hash = "sha256:af0a583efaacc52ae2521f8d7910aff65cdb093091d76291ac5820d5e947fc1c" },
    { url = "https://mirrors.cloud.tencent.com/pypi/packages/b3/c3/940fe447aae302a6701ee51e53af7e08b86ff6eed7631e5740c157ee22b9/coverage-7.13.0-cp313-cp313t-musllinux_1_2_x86_64.whl", hash = "sha256:f1c23e24a7000da892a312fb17e33c5f94f8b001de44b7cf8ba2e36fbd15859e" },
    { url = "https://mirrors.cloud.tencent.com/pypi/packages/eb/31/12a4aec689cb942a89129587860ed4d0fd522d5fda81237147fde554b8ae/coverage-7.13.0-cp313-cp313t-win32.whl", hash = "sha256:5f8a0297355e652001015e93be345ee54393e45dc3050af4a0475c5a2b767d46" },
    { url = "https://mirrors.cloud.tencent.com/pypi/packages/65/8c/3b5fe3259d863572d2b0827642c50c3855d26b3aefe80bdc9eba1f0af3b0/coverage-7.13.0-cp313-cp313t-win_amd64.whl", hash = "sha256:6abb3a4c52f05e08460bd9acf04fec027f8718ecaa0d09c40ffbc3fbd70ecc39" },
    { url = "https://mirrors.cloud.tencent.com/pypi/packages/b0/39/f71fa8316a96ac72fc3908839df651e8eccee650001a17f2c78cdb355624/coverage-7.13.0-cp313-cp313t-win_arm64.whl", hash = "sha256:3ad968d1e3aa6ce5be295ab5fe3ae1bf5bb4769d0f98a80a0252d543a2ef2e9e" },
    { url = "https://mirrors.cloud.tencent.com/pypi/packages/f8/4b/9b54bedda55421449811dcd5263a2798a63f48896c24dfb92b0f1b0845bd/coverage-7.13.0-cp314-cp314-macosx_10_15_x86_64.whl", hash = "sha256:453b7ec753cf5e4356e14fe858064e5520c460d3bbbcb9c35e55c0d21155c256" },
    { url = "https://mirrors.cloud.tencent.com/pypi/packages/59/df/c3a1f34d4bba2e592c8979f924da4d3d4598b0df2392fbddb7761258e3dc/coverage-7.13.0-cp314-cp314-macosx_11_0_arm64.whl", hash = "sha256:af827b7cbb303e1befa6c4f94fd2bf72f108089cfa0f8abab8f4ca553cf5ca5a" },
    { url = "https://mirrors.cloud.tencent.com/pypi/packages/07/62/eec0659e47857698645ff4e6ad02e30186eb8afd65214fd43f02a76537cb/coverage-7.13.0-cp314-cp314-manylinux1_i686.manylinux_2_28_i686.manylinux_2_5_i686.whl", hash = "sha256:9987a9e4f8197a1000280f7cc089e3ea2c8b3c0a64d750537809879a7b4ceaf9" },
    { url = "https://mirrors.cloud.tencent.com/pypi/packages/23/2d/3c7ff8b2e0e634c1f58d095f071f52ed3c23ff25be524b0ccae8b71f99f8/coverage-7.13.0-cp314-cp314-manylinux1_x86_64.manylinux_2_28_x86_64.manylinux_2_5_x86_64.whl", hash = "sha256:3188936845cd0cb114fa6a51842a304cdbac2958145d03be2377ec41eb285d19" },
    { url = "https://mirrors.cloud.tencent.com/pypi/packages/aa/ac/fb03b469d20e9c9a81093575003f959cf91a4a517b783aab090e4538764b/coverage-7.13.0-cp314-cp314-manylinux2014_aarch64.manylinux_2_17_aarch64.manylinux_2_28_aarch64.whl", hash = "sha256:a2bdb3babb74079f021696cb46b8bb5f5661165c385d3a238712b031a12355be" },
    { url = "https://mirrors.cloud.tencent.com/pypi/packages/29/62/14afa9e792383c66cc0a3b872a06ded6e4ed1079c7d35de274f11d27064e/coverage-7.13.0-cp314-cp314-manylinux_2_31_riscv64.manylinux_2_39_riscv64.whl", hash = "sha256:7464663eaca6adba4175f6c19354feea61ebbdd735563a03d1e472c7072d27bb" },
    { url = "https://mirrors.cloud.tencent.com/pypi/packages/31/b7/333f3dab2939070613696ab3ee91738950f0467778c6e5a5052e840646b7/coverage-7.13.0-cp314-cp314-musllinux_1_2_aarch64.whl", hash = "sha256:8069e831f205d2ff1f3d355e82f511eb7c5522d7d413f5db5756b772ec8697f8" },
    { url = "https://mirrors.cloud.tencent.com/pypi/packages/81/cb/69162bda9381f39b2287265d7e29ee770f7c27c19f470164350a38318764/coverage-7.13.0-cp314-cp314-musllinux_1_2_i686.whl", hash = "sha256:6fb2d5d272341565f08e962cce14cdf843a08ac43bd621783527adb06b089c4b" },
    { url = "https://mirrors.cloud.tencent.com/pypi/packages/e0/76/350387b56a30f4970abe32b90b2a434f87d29f8b7d4ae40d2e8a85aacfb3/coverage-7.13.0-cp314-cp314-musllinux_1_2_riscv64.whl", hash = "sha256:5e70f92ef89bac1ac8a99b3324923b4749f008fdbd7aa9cb35e01d7a284a04f9" },
    { url = "https://mirrors.cloud.tencent.com/pypi/packages/86/0d/7f6c42b8d59f4c7e43ea3059f573c0dcfed98ba46eb43c68c69e52ae095c/coverage-7.13.0-cp314-cp314-musllinux_1_2_x86_64.whl", hash = "sha256:4b5de7d4583e60d5fd246dd57fcd3a8aa23c6e118a8c72b38adf666ba8e7e927" },
    { url = "https://mirrors.cloud.tencent.com/pypi/packages/d7/f1/4bb2dff379721bb0b5c649d5c5eaf438462cad824acf32eb1b7ca0c7078e/coverage-7.13.0-cp314-cp314-win32.whl", hash = "sha256:a6c6e16b663be828a8f0b6c5027d36471d4a9f90d28444aa4ced4d48d7d6ae8f" },
    { url = "https://mirrors.cloud.tencent.com/pypi/packages/ba/44/c239da52f373ce379c194b0ee3bcc121020e397242b85f99e0afc8615066/coverage-7.13.0-cp314-cp314-win_amd64.whl", hash = "sha256:0900872f2fdb3ee5646b557918d02279dc3af3dfb39029ac4e945458b13f73bc" },
    { url = "https://mirrors.cloud.tencent.com/pypi/packages/89/1f/b9f04016d2a29c2e4a0307baefefad1a4ec5724946a2b3e482690486cade/coverage-7.13.0-cp314-cp314-win_arm64.whl", hash = "sha256:3a10260e6a152e5f03f26db4a407c4c62d3830b9af9b7c0450b183615f05d43b" },
    { url = "https://mirrors.cloud.tencent.com/pypi/packages/16/d4/364a1439766c8e8647860584171c36010ca3226e6e45b1753b1b249c5161/coverage-7.13.0-cp314-cp314t-macosx_10_15_x86_64.whl", hash = "sha256:9097818b6cc1cfb5f174e3263eba4a62a17683bcfe5c4b5d07f4c97fa51fbf28" },
    { url = "https://mirrors.cloud.tencent.com/pypi/packages/ce/f4/71ba8be63351e099911051b2089662c03d5671437a0ec2171823c8e03bec/coverage-7.13.0-cp314-cp314t-macosx_11_0_arm64.whl", hash = "sha256:0018f73dfb4301a89292c73be6ba5f58722ff79f51593352759c1790ded1cabe" },
    { url = "https://mirrors.cloud.tencent.com/pypi/packages/5e/25/127d8ed03d7711a387d96f132589057213e3aef7475afdaa303412463f22/coverage-7.13.0-cp314-cp314t-manylinux1_i686.manylinux_2_28_i686.manylinux_2_5_i686.whl", hash = "sha256:166ad2a22ee770f5656e1257703139d3533b4a0b6909af67c6b4a3adc1c98657" },
    { url = "https://mirrors.cloud.tencent.com/pypi/packages/fd/db/559fbb6def07d25b2243663b46ba9eb5a3c6586c0c6f4e62980a68f0ee1c/coverage-7.13.0-cp314-cp314t-manylinux1_x86_64.manylinux_2_28_x86_64.manylinux_2_5_x86_64.whl", hash = "sha256:f6aaef16d65d1787280943f1c8718dc32e9cf141014e4634d64446702d26e0ff" },
    { url = "https://mirrors.cloud.tencent.com/pypi/packages/37/99/6ee5bf7eff884766edb43bd8736b5e1c5144d0fe47498c3779326fe75a35/coverage-7.13.0-cp314-cp314t-manylinux2014_aarch64.manylinux_2_17_aarch64.manylinux_2_28_aarch64.whl", hash = "sha256:e999e2dcc094002d6e2c7bbc1fb85b58ba4f465a760a8014d97619330cdbbbf3" },
    { url = "https://mirrors.cloud.tencent.com/pypi/packages/d8/90/92f18fe0356ea69e1f98f688ed80cec39f44e9f09a1f26a1bbf017cc67f2/coverage-7.13.0-cp314-cp314t-manylinux_2_31_riscv64.manylinux_2_39_riscv64.whl", hash = "sha256:00c3d22cf6fb1cf3bf662aaaa4e563be8243a5ed2630339069799835a9cc7f9b" },
    { url = "https://mirrors.cloud.tencent.com/pypi/packages/90/5d/b312a8b45b37a42ea7d27d7d3ff98ade3a6c892dd48d1d503e773503373f/coverage-7.13.0-cp314-cp314t-musllinux_1_2_aarch64.whl", hash = "sha256:22ccfe8d9bb0d6134892cbe1262493a8c70d736b9df930f3f3afae0fe3ac924d" },
    { url = "https://mirrors.cloud.tencent.com/pypi/packages/63/f8/b1d0de5c39351eb71c366f872376d09386640840a2e09b0d03973d791e20/coverage-7.13.0-cp314-cp314t-musllinux_1_2_i686.whl", hash = "sha256:9372dff5ea15930fea0445eaf37bbbafbc771a49e70c0aeed8b4e2c2614cc00e" },
    { url = "https://mirrors.cloud.tencent.com/pypi/packages/aa/7c/d42f4435bc40c55558b3109a39e2d456cddcec37434f62a1f1230991667a/coverage-7.13.0-cp314-cp314t-musllinux_1_2_riscv64.whl", hash = "sha256:69ac2c492918c2461bc6ace42d0479638e60719f2a4ef3f0815fa2df88e9f940" },
    { url = "https://mirrors.cloud.tencent.com/pypi/packages/b8/d3/23413241dc04d47cfe19b9a65b32a2edd67ecd0b817400c2843ebc58c847/coverage-7.13.0-cp314-cp314t-musllinux_1_2_x86_64.whl", hash = "sha256:739c6c051a7540608d097b8e13c76cfa85263ced467168dc6b477bae3df7d0e2" },
    { url = "https://mirrors.cloud.tencent.com/pypi/packages/13/e6/6e063174500eee216b96272c0d1847bf215926786f85c2bd024cf4d02d2f/coverage-7.13.0-cp314-cp314t-win32.whl", hash = "sha256:fe81055d8c6c9de76d60c94ddea73c290b416e061d40d542b24a5871bad498b7" },
    { url = "https://mirrors.cloud.tencent.com/pypi/packages/3b/46/f4fb293e4cbe3620e3ac2a3e8fd566ed33affb5861a9b20e3dd6c1896cbc/coverage-7.13.0-cp314-cp314t-win_amd64.whl", hash = "sha256:445badb539005283825959ac9fa4a28f712c214b65af3a2c464f1adc90f5fcbc" },
    { url = "https://mirrors.cloud.tencent.com/pypi/packages/68/62/5b3b9018215ed9733fbd1ae3b2ed75c5de62c3b55377a52cae732e1b7805/coverage-7.13.0-cp314-cp314t-win_arm64.whl", hash = "sha256:de7f6748b890708578fc4b7bb967d810aeb6fcc9bff4bb77dbca77dab2f9df6a" },
    { url = "https://mirrors.cloud.tencent.com/pypi/packages/8d/4c/1968f32fb9a2604645827e11ff84a31e59d532e01995f904723b4f5328b3/coverage-7.13.0-py3-none-any.whl", hash = "sha256:850d2998f380b1e266459ca5b47bc9e7daf9af1d070f66317972f382d46f1904" },
]

[[package]]
name = "h11"
version = "0.16.0"
source = { registry = "https://mirrors.cloud.tencent.com/pypi/simple/" }
sdist = { url = "https://mirrors.cloud.tencent.com/pypi/packages/01/ee/02a2c011bdab74c6fb3c75474d40b3052059d95df7e73351460c8588d963/h11-0.16.0.tar.gz", hash = "sha256:4e35b956cf45792e4caa5885e69fba00bdbc6ffafbfa020300e549b208ee5ff1" }
wheels = [
    { url = "https://mirrors.cloud.tencent.com/pypi/packages/04/4b/29cac41a4d98d144bf5f6d33995617b185d14b22401f75ca86f384e87ff1/h11-0.16.0-py3-none-any.whl", hash = "sha256:63cf8bbe7522de3bf65932fda1d9c2772064ffb3dae62d55932da54b31cb6c86" },
]

[[package]]
name = "httpcore"
version = "1.0.9"
source = { registry = "https://mirrors.cloud.tencent.com/pypi/simple/" }
dependencies = [
    { name = "certifi" },
    { name = "h11" },
]
sdist = { url = "https://mirrors.cloud.tencent.com/pypi/packages/06/94/82699a10bca87a5556c9c59b5963f2d039dbd239f25bc2a63907a05a14cb/httpcore-1.0.9.tar.gz", hash = "sha256:6e34463af53fd2ab5d807f399a9b45ea31c3dfa2276f15a2c3f00afff6e176e8" }
wheels = [
    { url = "https://mirrors.cloud.tencent.com/pypi/packages/7e/f5/f66802a942d491edb555dd61e3a9961140fd64c90bce1eafd741609d334d/httpcore-1.0.9-py3-none-any.whl", hash = "sha256:2d400746a40668fc9dec9810239072b40b4484b640a8c38fd654a024c7a1bf55" },
]

[[package]]
name = "httpx"
version = "0.28.1"
source = { registry = "https://mirrors.cloud.tencent.com/pypi/simple/" }
dependencies = [
    { name = "anyio" },
    { name = "certifi" },
    { name = "httpcore" },
    { name = "idna" },
]
sdist = { url = "https://mirrors.cloud.tencent.com/pypi/packages/b1/df/48c586a5fe32a0f01324ee087459e112ebb7224f646c0b5023f5e79e9956/httpx-0.28.1.tar.gz", hash = "sha256:75e98c5f16b0f35b567856f597f06ff2270a374470a5c2392242528e3e3e42fc" }
wheels = [
    { url = "https://mirrors.cloud.tencent.com/pypi/packages/2a/39/e50c7c3a983047577ee07d2a9e53faf5a69493943ec3f6a384bdc792deb2/httpx-0.28.1-py3-none-any.whl", hash = "sha256:d909fcccc110f8c7faf814ca82a9a4d816bc5a6dbfea25d6591d6985b8ba59ad" },
]

[[package]]
name = "ida-pro-mcp"
version = "2.0.0"
source = { editable = "." }
dependencies = [
    { name = "httpx" },
    { name = "idapro" },
    { name = "tomli-w" },
]

[package.dev-dependencies]
dev = [
    { name = "coverage" },
]

[package.metadata]
requires-dist = [
    { name = "httpx", specifier = ">=0.27.0" },
    { name = "idapro", specifier = ">=0.0.7" },
    { name = "tomli-w", specifier = ">=1.0.0" },
]

[package.metadata.requires-dev]
dev = [{ name = "coverage", specifier = ">=7.13.0" }]

[[package]]
name = "idapro"
version = "0.0.7"
source = { registry = "https://mirrors.cloud.tencent.com/pypi/simple/" }
sdist = { url = "https://mirrors.cloud.tencent.com/pypi/packages/da/65/b49019b4713b852349b6516b786c8542930aca7701bb2552b18f4e4a4e25/idapro-0.0.7.tar.gz", hash = "sha256:0b2e184b19e4d8404ea48b1f17f39b21b054931315940ee9716ef8559144988f" }
wheels = [
    { url = "https://mirrors.cloud.tencent.com/pypi/packages/fb/5d/6e6565d9a1d6ecf1b48a2bea326f0e3dbe4c3199adfc0a5456b83d235f99/idapro-0.0.7-py3-none-any.whl", hash = "sha256:3cb8d48ac21a19e6a0ef65eacd0005a1f9c40a264a7bcb675914eaa20c6e1371" },
]

[[package]]
name = "idna"
version = "3.11"
source = { registry = "https://mirrors.cloud.tencent.com/pypi/simple/" }
sdist = { url = "https://mirrors.cloud.tencent.com/pypi/packages/6f/6d/0703ccc57f3a7233505399edb88de3cbd678da106337b9fcde432b65ed60/idna-3.11.tar.gz", hash = "sha256:795dafcc9c04ed0c1fb032c2aa73654d8e8c5023a7df64a53f39190ada629902" }
wheels = [
    { url = "https://mirrors.cloud.tencent.com/pypi/packages/0e/61/66938bbb5fc52dbdf84594873d5b51fb1f7c7794e9c0f5bd885f30bc507b/idna-3.11-py3-none-any.whl", hash = "sha256:771a87f49d9defaf64091e6e6fe9c18d4833f140bd19464795bc32d966ca37ea" },
]

[[package]]
name = "tomli-w"
version = "1.2.0"
source = { registry = "https://mirrors.cloud.tencent.com/pypi/simple/" }
sdist = { url = "https://mirrors.cloud.tencent.com/pypi/packages/19/75/241269d1da26b624c0d5e110e8149093c759b7a286138f4efd61a60e75fe/tomli_w-1.2.0.tar.gz", hash = "sha256:2dd14fac5a47c27be9cd4c976af5a12d87fb1f0b4512f81d69cce3b35ae25021" }
wheels = [
    { url = "https://mirrors.cloud.tencent.com/pypi/packages/c7/18/c86eb8e0202e32dd3df50d43d7ff9854f8e0603945ff398974c1d91ac1ef/tomli_w-1.2.0-py3-none-any.whl", hash = "sha256:188306098d013b691fcadc011abd66727d3c414c571bb01b1a174ba8c983cf90" },
]

[[package]]
name = "typing-extensions"
version = "4.15.0"
source = { registry = "https://mirrors.cloud.tencent.com/pypi/simple/" }
sdist = { url = "https://mirrors.cloud.tencent.com/pypi/packages/72/94/1a15dd82efb362ac84269196e94cf00f187f7ed21c242792a923cdb1c61f/typing_extensions-4.15.0.tar.gz", hash = "sha256:0cea48d173cc12fa28ecabc3b837ea3cf6f38c6d1136f85cbaaf598984861466" }
wheels = [
    { url = "https://mirrors.cloud.tencent.com/pypi/packages/18/67/36e9267722cc04a6b9f15c7f3441c2363321a3ea07da7ae0c0707beb2a9c/typing_extensions-4.15.0-py3-none-any.whl", hash = "sha256:f0fa19c6845758ab08074a0cfa8b7aecb71c999ca73d62883bc25cc018c4e548" },
]
